
Microsoft Visual Studio Solution File, Format Version 12.00
# Visual Studio Version 17
VisualStudioVersion = 17.3.32804.467
MinimumVisualStudioVersion = 10.0.40219.1
Project("{FAE04EC0-301F-11D3-BF4B-00C04F79EFBC}") = "OnlineMedicineManagementSystem", "OnlineMedicineManagementSystem\OnlineMedicineManagementSystem.csproj", "{0765B311-4A3C-4149-BF05-4553EB806D78}"
EndProject
Global
	GlobalSection(SolutionConfigurationPlatforms) = preSolution
		Debug|Any CPU = Debug|Any CPU
		Release|Any CPU = Release|Any CPU
	EndGlobalSection
	GlobalSection(ProjectConfigurationPlatforms) = postSolution
		{0765B311-4A3C-4149-BF05-4553EB806D78}.Debug|Any CPU.ActiveCfg = Debug|Any CPU
		{0765B311-4A3C-4149-BF05-4553EB806D78}.Debug|Any CPU.Build.0 = Debug|Any CPU
		{0765B311-4A3C-4149-BF05-4553EB806D78}.Release|Any CPU.ActiveCfg = Release|Any CPU
		{0765B311-4A3C-4149-BF05-4553EB806D78}.Release|Any CPU.Build.0 = Release|Any CPU
	EndGlobalSection
	GlobalSection(SolutionProperties) = preSolution
		HideSolutionNode = FALSE
	EndGlobalSection
	GlobalSection(ExtensibilityGlobals) = postSolution
		SolutionGuid = {CB1D94A8-561C-43BC-AAC1-5C55F6F66F5B}
	EndGlobalSection
EndGlobal
